
Microsoft Visual Studio Solution File, Format Version 12.00
# Visual Studio Version 17
VisualStudioVersion = 17.4.33213.308
MinimumVisualStudioVersion = 10.0.40219.1
Project("{FAE04EC0-301F-11D3-BF4B-00C04F79EFBC}") = "Portal", "Portal\Portal.csproj", "{5A0C2909-D720-4660-8E7B-AC190DA5A4F8}"
EndProject
Global
	GlobalSection(SolutionConfigurationPlatforms) = preSolution
		Debug|Any CPU = Debug|Any CPU
		Release|Any CPU = Release|Any CPU
	EndGlobalSection
	GlobalSection(ProjectConfigurationPlatforms) = postSolution
		{5A0C2909-D720-4660-8E7B-AC190DA5A4F8}.Debug|Any CPU.ActiveCfg = Debug|Any CPU
		{5A0C2909-D720-4660-8E7B-AC190DA5A4F8}.Debug|Any CPU.Build.0 = Debug|Any CPU
		{5A0C2909-D720-4660-8E7B-AC190DA5A4F8}.Release|Any CPU.ActiveCfg = Release|Any CPU
		{5A0C2909-D720-4660-8E7B-AC190DA5A4F8}.Release|Any CPU.Build.0 = Release|Any CPU
	EndGlobalSection
	GlobalSection(SolutionProperties) = preSolution
		HideSolutionNode = FALSE
	EndGlobalSection
	GlobalSection(ExtensibilityGlobals) = postSolution
		SolutionGuid = {53A82766-BC58-4988-84B4-1896014A1961}
	EndGlobalSection
EndGlobal
